// !$*UTF8*$!
{
	archiveVersion = 1;
	classes = {
	};
	objectVersion = 46;
	objects = {

/* Begin PBXBuildFile section */
		80AD1B921E36BEDF009286C0 /* AppDelegate.swift in Sources */ = {isa = PBXBuildFile; fileRef = 80AD1B911E36BEDF009286C0 /* AppDelegate.swift */; };
		80AD1B941E36BEDF009286C0 /* ViewController.swift in Sources */ = {isa = PBXBuildFile; fileRef = 80AD1B931E36BEDF009286C0 /* ViewController.swift */; };
		80AD1B971E36BEDF009286C0 /* Main.storyboard in Resources */ = {isa = PBXBuildFile; fileRef = 80AD1B951E36BEDF009286C0 /* Main.storyboard */; };
		80AD1B991E36BEDF009286C0 /* Assets.xcassets in Resources */ = {isa = PBXBuildFile; fileRef = 80AD1B981E36BEDF009286C0 /* Assets.xcassets */; };
		80AD1B9C1E36BEDF009286C0 /* LaunchScreen.storyboard in Resources */ = {isa = PBXBuildFile; fileRef = 80AD1B9A1E36BEDF009286C0 /* LaunchScreen.storyboard */; };
		80AD1BA71E36BEDF009286C0 /* BullsEyeTests.swift in Sources */ = {isa = PBXBuildFile; fileRef = 80AD1BA61E36BEDF009286C0 /* BullsEyeTests.swift */; };
		80AD1BB21E36BEDF009286C0 /* BullsEyeUITests.swift in Sources */ = {isa = PBXBuildFile; fileRef = 80AD1BB11E36BEDF009286C0 /* BullsEyeUITests.swift */; };
/* End PBXBuildFile section */

/* Begin PBXContainerItemProxy section */
		80AD1BA31E36BEDF009286C0 /* PBXContainerItemProxy */ = {
			isa = PBXContainerItemProxy;
			containerPortal = 80AD1B861E36BEDF009286C0 /* Project object */;
			proxyType = 1;
			remoteGlobalIDString = 80AD1B8D1E36BEDF009286C0;
			remoteInfo = BullsEye;
		};
		80AD1BAE1E36BEDF009286C0 /* PBXContainerItemProxy */ = {
			isa = PBXContainerItemProxy;
			containerPortal = 80AD1B861E36BEDF009286C0 /* Project object */;
			proxyType = 1;
			remoteGlobalIDString = 80AD1B8D1E36BEDF009286C0;
			remoteInfo = BullsEye;
		};
/* End PBXContainerItemProxy section */

/* Begin PBXFileReference section */
		80AD1B8E1E36BEDF009286C0 /* BullsEye.app */ = {isa = PBXFileReference; explicitFileType = wrapper.application; includeInIndex = 0; path = BullsEye.app; sourceTree = BUILT_PRODUCTS_DIR; };
		80AD1B911E36BEDF009286C0 /* AppDelegate.swift */ = {isa = PBXFileReference; lastKnownFileType = sourcecode.swift; path = AppDelegate.swift; sourceTree = "<group>"; };
		80AD1B931E36BEDF009286C0 /* ViewController.swift */ = {isa = PBXFileReference; lastKnownFileType = sourcecode.swift; path = ViewController.swift; sourceTree = "<group>"; };
		80AD1B961E36BEDF009286C0 /* Base */ = {isa = PBXFileReference; lastKnownFileType = file.storyboard; name = Base; path = Base.lproj/Main.storyboard; sourceTree = "<group>"; };
		80AD1B981E36BEDF009286C0 /* Assets.xcassets */ = {isa = PBXFileReference; lastKnownFileType = folder.assetcatalog; path = Assets.xcassets; sourceTree = "<group>"; };
		80AD1B9B1E36BEDF009286C0 /* Base */ = {isa = PBXFileReference; lastKnownFileType = file.storyboard; name = Base; path = Base.lproj/LaunchScreen.storyboard; sourceTree = "<group>"; };
		80AD1B9D1E36BEDF009286C0 /* Info.plist */ = {isa = PBXFileReference; lastKnownFileType = text.plist.xml; path = Info.plist; sourceTree = "<group>"; };
		80AD1BA21E36BEDF009286C0 /* BullsEyeTests.xctest */ = {isa = PBXFileReference; explicitFileType = wrapper.cfbundle; includeInIndex = 0; path = BullsEyeTests.xctest; sourceTree = BUILT_PRODUCTS_DIR; };
		80AD1BA61E36BEDF009286C0 /* BullsEyeTests.swift */ = {isa = PBXFileReference; lastKnownFileType = sourcecode.swift; path = BullsEyeTests.swift; sourceTree = "<group>"; };
		80AD1BA81E36BEDF009286C0 /* Info.plist */ = {isa = PBXFileReference; lastKnownFileType = text.plist.xml; path = Info.plist; sourceTree = "<group>"; };
		80AD1BAD1E36BEDF009286C0 /* BullsEyeUITests.xctest */ = {isa = PBXFileReference; explicitFileType = wrapper.cfbundle; includeInIndex = 0; path = BullsEyeUITests.xctest; sourceTree = BUILT_PRODUCTS_DIR; };
		80AD1BB11E36BEDF009286C0 /* BullsEyeUITests.swift */ = {isa = PBXFileReference; lastKnownFileType = sourcecode.swift; path = BullsEyeUITests.swift; sourceTree = "<group>"; };
		80AD1BB31E36BEDF009286C0 /* Info.plist */ = {isa = PBXFileReference; lastKnownFileType = text.plist.xml; path = Info.plist; sourceTree = "<group>"; };
/* End PBXFileReference section */

/* Begin PBXFrameworksBuildPhase section */
		80AD1B8B1E36BEDF009286C0 /* Frameworks */ = {
			isa = PBXFrameworksBuildPhase;
			buildActionMask = 2147483647;
			files = (
			);
			runOnlyForDeploymentPostprocessing = 0;
		};
		80AD1B9F1E36BEDF009286C0 /* Frameworks */ = {
			isa = PBXFrameworksBuildPhase;
			buildActionMask = 2147483647;
			files = (
			);
			runOnlyForDeploymentPostprocessing = 0;
		};
		80AD1BAA1E36BEDF009286C0 /* Frameworks */ = {
			isa = PBXFrameworksBuildPhase;
			buildActionMask = 2147483647;
			files = (
			);
			runOnlyForDeploymentPostprocessing = 0;
		};
/* End PBXFrameworksBuildPhase section */

/* Begin PBXGroup section */
		80AD1B851E36BEDF009286C0 = {
			isa = PBXGroup;
			children = (
				80AD1B901E36BEDF009286C0 /* BullsEye */,
				80AD1BA51E36BEDF009286C0 /* BullsEyeTests */,
				80AD1BB01E36BEDF009286C0 /* BullsEyeUITests */,
				80AD1B8F1E36BEDF009286C0 /* Products */,
			);
			sourceTree = "<group>";
		};
		80AD1B8F1E36BEDF009286C0 /* Products */ = {
			isa = PBXGroup;
			children = (
				80AD1B8E1E36BEDF009286C0 /* BullsEye.app */,
				80AD1BA21E36BEDF009286C0 /* BullsEyeTests.xctest */,
				80AD1BAD1E36BEDF009286C0 /* BullsEyeUITests.xctest */,
			);
			name = Products;
			sourceTree = "<group>";
		};
		80AD1B901E36BEDF009286C0 /* BullsEye */ = {
			isa = PBXGroup;
			children = (
				80AD1B911E36BEDF009286C0 /* AppDelegate.swift */,
				80AD1B931E36BEDF009286C0 /* ViewController.swift */,
				80AD1B951E36BEDF009286C0 /* Main.storyboard */,
				80AD1B981E36BEDF009286C0 /* Assets.xcassets */,
				80AD1B9A1E36BEDF009286C0 /* LaunchScreen.storyboard */,
				80AD1B9D1E36BEDF009286C0 /* Info.plist */,
			);
			path = BullsEye;
			sourceTree = "<group>";
		};
		80AD1BA51E36BEDF009286C0 /* BullsEyeTests */ = {
			isa = PBXGroup;
			children = (
				80AD1BA61E36BEDF009286C0 /* BullsEyeTests.swift */,
				80AD1BA81E36BEDF009286C0 /* Info.plist */,
			);
			path = BullsEyeTests;
			sourceTree = "<group>";
		};
		80AD1BB01E36BEDF009286C0 /* BullsEyeUITests */ = {
			isa = PBXGroup;
			children = (
				80AD1BB11E36BEDF009286C0 /* BullsEyeUITests.swift */,
				80AD1BB31E36BEDF009286C0 /* Info.plist */,
			);
			path = BullsEyeUITests;
			sourceTree = "<group>";
		};
/* End PBXGroup section */

/* Begin PBXNativeTarget section */
		80AD1B8D1E36BEDF009286C0 /* BullsEye */ = {
			isa = PBXNativeTarget;
			buildConfigurationList = 80AD1BB61E36BEDF009286C0 /* Build configuration list for PBXNativeTarget "BullsEye" */;
			buildPhases = (
				80AD1B8A1E36BEDF009286C0 /* Sources */,
				80AD1B8B1E36BEDF009286C0 /* Frameworks */,
				80AD1B8C1E36BEDF009286C0 /* Resources */,
			);
			buildRules = (
			);
			dependencies = (
			);
			name = BullsEye;
			productName = BullsEye;
			productReference = 80AD1B8E1E36BEDF009286C0 /* BullsEye.app */;
			productType = "com.apple.product-type.application";
		};
		80AD1BA11E36BEDF009286C0 /* BullsEyeTests */ = {
			isa = PBXNativeTarget;
			buildConfigurationList = 80AD1BB91E36BEDF009286C0 /* Build configuration list for PBXNativeTarget "BullsEyeTests" */;
			buildPhases = (
				80AD1B9E1E36BEDF009286C0 /* Sources */,
				80AD1B9F1E36BEDF009286C0 /* Frameworks */,
				80AD1BA01E36BEDF009286C0 /* Resources */,
			);
			buildRules = (
			);
			dependencies = (
				80AD1BA41E36BEDF009286C0 /* PBXTargetDependency */,
			);
			name = BullsEyeTests;
			productName = BullsEyeTests;
			productReference = 80AD1BA21E36BEDF009286C0 /* BullsEyeTests.xctest */;
			productType = "com.apple.product-type.bundle.unit-test";
		};
		80AD1BAC1E36BEDF009286C0 /* BullsEyeUITests */ = {
			isa = PBXNativeTarget;
			buildConfigurationList = 80AD1BBC1E36BEDF009286C0 /* Build configuration list for PBXNativeTarget "BullsEyeUITests" */;
			buildPhases = (
				80AD1BA91E36BEDF009286C0 /* Sources */,
				80AD1BAA1E36BEDF009286C0 /* Frameworks */,
				80AD1BAB1E36BEDF009286C0 /* Resources */,
			);
			buildRules = (
			);
			dependencies = (
				80AD1BAF1E36BEDF009286C0 /* PBXTargetDependency */,
			);
			name = BullsEyeUITests;
			productName = BullsEyeUITests;
			productReference = 80AD1BAD1E36BEDF009286C0 /* BullsEyeUITests.xctest */;
			productType = "com.apple.product-type.bundle.ui-testing";
		};
/* End PBXNativeTarget section */

/* Begin PBXProject section */
		80AD1B861E36BEDF009286C0 /* Project object */ = {
			isa = PBXProject;
			attributes = {
				LastSwiftUpdateCheck = 0820;
				LastUpgradeCheck = 0820;
				ORGANIZATIONNAME = "Jianbo Jia";
				TargetAttributes = {
					80AD1B8D1E36BEDF009286C0 = {
						CreatedOnToolsVersion = 8.2.1;
						DevelopmentTeam = 2R6NJ2TTQ9;
						ProvisioningStyle = Automatic;
					};
					80AD1BA11E36BEDF009286C0 = {
						CreatedOnToolsVersion = 8.2.1;
						DevelopmentTeam = 2R6NJ2TTQ9;
						ProvisioningStyle = Automatic;
						TestTargetID = 80AD1B8D1E36BEDF009286C0;
					};
					80AD1BAC1E36BEDF009286C0 = {
						CreatedOnToolsVersion = 8.2.1;
						DevelopmentTeam = 2R6NJ2TTQ9;
						ProvisioningStyle = Automatic;
						TestTargetID = 80AD1B8D1E36BEDF009286C0;
					};
				};
			};
			buildConfigurationList = 80AD1B891E36BEDF009286C0 /* Build configuration list for PBXProject "BullsEye" */;
			compatibilityVersion = "Xcode 3.2";
			developmentRegion = English;
			hasScannedForEncodings = 0;
			knownRegions = (
				en,
				Base,
			);
			mainGroup = 80AD1B851E36BEDF009286C0;
			productRefGroup = 80AD1B8F1E36BEDF009286C0 /* Products */;
			projectDirPath = "";
			projectRoot = "";
			targets = (
				80AD1B8D1E36BEDF009286C0 /* BullsEye */,
				80AD1BA11E36BEDF009286C0 /* BullsEyeTests */,
				80AD1BAC1E36BEDF009286C0 /* BullsEyeUITests */,
			);
		};
/* End PBXProject section */

/* Begin PBXResourcesBuildPhase section */
		80AD1B8C1E36BEDF009286C0 /* Resources */ = {
			isa = PBXResourcesBuildPhase;
			buildActionMask = 2147483647;
			files = (
				80AD1B9C1E36BEDF009286C0 /* LaunchScreen.storyboard in Resources */,
				80AD1B991E36BEDF009286C0 /* Assets.xcassets in Resources */,
				80AD1B971E36BEDF009286C0 /* Main.storyboard in Resources */,
			);
			runOnlyForDeploymentPostprocessing = 0;
		};
		80AD1BA01E36BEDF009286C0 /* Resources */ = {
			isa = PBXResourcesBuildPhase;
			buildActionMask = 2147483647;
			files = (
			);
			runOnlyForDeploymentPostprocessing = 0;
		};
		80AD1BAB1E36BEDF009286C0 /* Resources */ = {
			isa = PBXResourcesBuildPhase;
			buildActionMask = 2147483647;
			files = (
			);
			runOnlyForDeploymentPostprocessing = 0;
		};
/* End PBXResourcesBuildPhase section */

/* Begin PBXSourcesBuildPhase section */
		80AD1B8A1E36BEDF009286C0 /* Sources */ = {
			isa = PBXSourcesBuildPhase;
			buildActionMask = 2147483647;
			files = (
				80AD1B941E36BEDF009286C0 /* ViewController.swift in Sources */,
				80AD1B921E36BEDF009286C0 /* AppDelegate.swift in Sources */,
			);
			runOnlyForDeploymentPostprocessing = 0;
		};
		80AD1B9E1E36BEDF009286C0 /* Sources */ = {
			isa = PBXSourcesBuildPhase;
			buildActionMask = 2147483647;
			files = (
				80AD1BA71E36BEDF009286C0 /* BullsEyeTests.swift in Sources */,
			);
			runOnlyForDeploymentPostprocessing = 0;
		};
		80AD1BA91E36BEDF009286C0 /* Sources */ = {
			isa = PBXSourcesBuildPhase;
			buildActionMask = 2147483647;
			files = (
				80AD1BB21E36BEDF009286C0 /* BullsEyeUITests.swift in Sources */,
			);
			runOnlyForDeploymentPostprocessing = 0;
		};
/* End PBXSourcesBuildPhase section */

/* Begin PBXTargetDependency section */
		80AD1BA41E36BEDF009286C0 /* PBXTargetDependency */ = {
			isa = PBXTargetDependency;
			target = 80AD1B8D1E36BEDF009286C0 /* BullsEye */;
			targetProxy = 80AD1BA31E36BEDF009286C0 /* PBXContainerItemProxy */;
		};
		80AD1BAF1E36BEDF009286C0 /* PBXTargetDependency */ = {
			isa = PBXTargetDependency;
			target = 80AD1B8D1E36BEDF009286C0 /* BullsEye */;
			targetProxy = 80AD1BAE1E36BEDF009286C0 /* PBXContainerItemProxy */;
		};
/* End PBXTargetDependency section */

/* Begin PBXVariantGroup section */
		80AD1B951E36BEDF009286C0 /* Main.storyboard */ = {
			isa = PBXVariantGroup;
			children = (
				80AD1B961E36BEDF009286C0 /* Base */,
			);
			name = Main.storyboard;
			sourceTree = "<group>";
		};
		80AD1B9A1E36BEDF009286C0 /* LaunchScreen.storyboard */ = {
			isa = PBXVariantGroup;
			children = (
				80AD1B9B1E36BEDF009286C0 /* Base */,
			);
			name = LaunchScreen.storyboard;
			sourceTree = "<group>";
		};
/* End PBXVariantGroup section */

/* Begin XCBuildConfiguration section */
		80AD1BB41E36BEDF009286C0 /* Debug */ = {
			isa = XCBuildConfiguration;
			buildSettings = {
				ALWAYS_SEARCH_USER_PATHS = NO;
				CLANG_ANALYZER_NONNULL = YES;
				CLANG_CXX_LANGUAGE_STANDARD = "gnu++0x";
				CLANG_CXX_LIBRARY = "libc++";
				CLANG_ENABLE_MODULES = YES;
				CLANG_ENABLE_OBJC_ARC = YES;
				CLANG_WARN_BOOL_CONVERSION = YES;
				CLANG_WARN_CONSTANT_CONVERSION = YES;
				CLANG_WARN_DIRECT_OBJC_ISA_USAGE = YES_ERROR;
				CLANG_WARN_DOCUMENTATION_COMMENTS = YES;
				CLANG_WARN_EMPTY_BODY = YES;
				CLANG_WARN_ENUM_CONVERSION = YES;
				CLANG_WARN_INFINITE_RECURSION = YES;
				CLANG_WARN_INT_CONVERSION = YES;
				CLANG_WARN_OBJC_ROOT_CLASS = YES_ERROR;
				CLANG_WARN_SUSPICIOUS_MOVE = YES;
				CLANG_WARN_UNREACHABLE_CODE = YES;
				CLANG_WARN__DUPLICATE_METHOD_MATCH = YES;
				"CODE_SIGN_IDENTITY[sdk=iphoneos*]" = "iPhone Developer";
				COPY_PHASE_STRIP = NO;
				DEBUG_INFORMATION_FORMAT = dwarf;
				ENABLE_STRICT_OBJC_MSGSEND = YES;
				ENABLE_TESTABILITY = YES;
				GCC_C_LANGUAGE_STANDARD = gnu99;
				GCC_DYNAMIC_NO_PIC = NO;
				GCC_NO_COMMON_BLOCKS = YES;
				GCC_OPTIMIZATION_LEVEL = 0;
				GCC_PREPROCESSOR_DEFINITIONS = (
					"DEBUG=1",
					"$(inherited)",
				);
				GCC_WARN_64_TO_32_BIT_CONVERSION = YES;
				GCC_WARN_ABOUT_RETURN_TYPE = YES_ERROR;
				GCC_WARN_UNDECLARED_SELECTOR = YES;
				GCC_WARN_UNINITIALIZED_AUTOS = YES_AGGRESSIVE;
				GCC_WARN_UNUSED_FUNCTION = YES;
				GCC_WARN_UNUSED_VARIABLE = YES;
				IPHONEOS_DEPLOYMENT_TARGET = 10.2;
				MTL_ENABLE_DEBUG_INFO = YES;
				ONLY_ACTIVE_ARCH = YES;
				SDKROOT = iphoneos;
				SWIFT_ACTIVE_COMPILATION_CONDITIONS = DEBUG;
				SWIFT_OPTIMIZATION_LEVEL = "-Onone";
			};
			name = Debug;
		};
		80AD1BB51E36BEDF009286C0 /* Release */ = {
			isa = XCBuildConfiguration;
			buildSettings = {
				ALWAYS_SEARCH_USER_PATHS = NO;
				CLANG_ANALYZER_NONNULL = YES;
				CLANG_CXX_LANGUAGE_STANDARD = "gnu++0x";
				CLANG_CXX_LIBRARY = "libc++";
				CLANG_ENABLE_MODULES = YES;
				CLANG_ENABLE_OBJC_ARC = YES;
				CLANG_WARN_BOOL_CONVERSION = YES;
				CLANG_WARN_CONSTANT_CONVERSION = YES;
				CLANG_WARN_DIRECT_OBJC_ISA_USAGE = YES_ERROR;
				CLANG_WARN_DOCUMENTATION_COMMENTS = YES;
				CLANG_WARN_EMPTY_BODY = YES;
				CLANG_WARN_ENUM_CONVERSION = YES;
				CLANG_WARN_INFINITE_RECURSION = YES;
				CLANG_WARN_INT_CONVERSION = YES;
				CLANG_WARN_OBJC_ROOT_CLASS = YES_ERROR;
				CLANG_WARN_SUSPICIOUS_MOVE = YES;
				CLANG_WARN_UNREACHABLE_CODE = YES;
				CLANG_WARN__DUPLICATE_METHOD_MATCH = YES;
				"CODE_SIGN_IDENTITY[sdk=iphoneos*]" = "iPhone Developer";
				COPY_PHASE_STRIP = NO;
				DEBUG_INFORMATION_FORMAT = "dwarf-with-dsym";
				ENABLE_NS_ASSERTIONS = NO;
				ENABLE_STRICT_OBJC_MSGSEND = YES;
				GCC_C_LANGUAGE_STANDARD = gnu99;
				GCC_NO_COMMON_BLOCKS = YES;
				GCC_WARN_64_TO_32_BIT_CONVERSION = YES;
				GCC_WARN_ABOUT_RETURN_TYPE = YES_ERROR;
				GCC_WARN_UNDECLARED_SELECTOR = YES;
				GCC_WARN_UNINITIALIZED_AUTOS = YES_AGGRESSIVE;
				GCC_WARN_UNUSED_FUNCTION = YES;
				GCC_WARN_UNUSED_VARIABLE = YES;
				IPHONEOS_DEPLOYMENT_TARGET = 10.2;
				MTL_ENABLE_DEBUG_INFO = NO;
				SDKROOT = iphoneos;
				SWIFT_OPTIMIZATION_LEVEL = "-Owholemodule";
				VALIDATE_PRODUCT = YES;
			};
			name = Release;
		};
		80AD1BB71E36BEDF009286C0 /* Debug */ = {
			isa = XCBuildConfiguration;
			buildSettings = {
				ASSETCATALOG_COMPILER_APPICON_NAME = AppIcon;
				DEVELOPMENT_TEAM = 2R6NJ2TTQ9;
				INFOPLIST_FILE = BullsEye/Info.plist;
				LD_RUNPATH_SEARCH_PATHS = "$(inherited) @executable_path/Frameworks";
				PRODUCT_BUNDLE_IDENTIFIER = StardHard.BullsEye;
				PRODUCT_NAME = "$(TARGET_NAME)";
				SWIFT_VERSION = 3.0;
			};
			name = Debug;
		};
		80AD1BB81E36BEDF009286C0 /* Release */ = {
			isa = XCBuildConfiguration;
			buildSettings = {
				ASSETCATALOG_COMPILER_APPICON_NAME = AppIcon;
				DEVELOPMENT_TEAM = 2R6NJ2TTQ9;
				INFOPLIST_FILE = BullsEye/Info.plist;
				LD_RUNPATH_SEARCH_PATHS = "$(inherited) @executable_path/Frameworks";
				PRODUCT_BUNDLE_IDENTIFIER = StardHard.BullsEye;
				PRODUCT_NAME = "$(TARGET_NAME)";
				SWIFT_VERSION = 3.0;
			};
			name = Release;
		};
		80AD1BBA1E36BEDF009286C0 /* Debug */ = {
			isa = XCBuildConfiguration;
			buildSettings = {
				ALWAYS_EMBED_SWIFT_STANDARD_LIBRARIES = YES;
				BUNDLE_LOADER = "$(TEST_HOST)";
				DEVELOPMENT_TEAM = 2R6NJ2TTQ9;
				INFOPLIST_FILE = BullsEyeTests/Info.plist;
				LD_RUNPATH_SEARCH_PATHS = "$(inherited) @executable_path/Frameworks @loader_path/Frameworks";
				PRODUCT_BUNDLE_IDENTIFIER = StardHard.BullsEyeTests;
				PRODUCT_NAME = "$(TARGET_NAME)";
				SWIFT_VERSION = 3.0;
				TEST_HOST = "$(BUILT_PRODUCTS_DIR)/BullsEye.app/BullsEye";
			};
			name = Debug;
		};
		80AD1BBB1E36BEDF009286C0 /* Release */ = {
			isa = XCBuildConfiguration;
			buildSettings = {
				ALWAYS_EMBED_SWIFT_STANDARD_LIBRARIES = YES;
				BUNDLE_LOADER = "$(TEST_HOST)";
				DEVELOPMENT_TEAM = 2R6NJ2TTQ9;
				INFOPLIST_FILE = BullsEyeTests/Info.plist;
				LD_RUNPATH_SEARCH_PATHS = "$(inherited) @executable_path/Frameworks @loader_path/Frameworks";
				PRODUCT_BUNDLE_IDENTIFIER = StardHard.BullsEyeTests;
				PRODUCT_NAME = "$(TARGET_NAME)";
				SWIFT_VERSION = 3.0;
				TEST_HOST = "$(BUILT_PRODUCTS_DIR)/BullsEye.app/BullsEye";
			};
			name = Release;
		};
		80AD1BBD1E36BEDF009286C0 /* Debug */ = {
			isa = XCBuildConfiguration;
			buildSettings = {
				ALWAYS_EMBED_SWIFT_STANDARD_LIBRARIES = YES;
				DEVELOPMENT_TEAM = 2R6NJ2TTQ9;
				INFOPLIST_FILE = BullsEyeUITests/Info.plist;
				LD_RUNPATH_SEARCH_PATHS = "$(inherited) @executable_path/Frameworks @loader_path/Frameworks";
				PRODUCT_BUNDLE_IDENTIFIER = StardHard.BullsEyeUITests;
				PRODUCT_NAME = "$(TARGET_NAME)";
				SWIFT_VERSION = 3.0;
				TEST_TARGET_NAME = BullsEye;
			};
			name = Debug;
		};
		80AD1BBE1E36BEDF009286C0 /* Release */ = {
			isa = XCBuildConfiguration;
			buildSettings = {
				ALWAYS_EMBED_SWIFT_STANDARD_LIBRARIES = YES;
				DEVELOPMENT_TEAM = 2R6NJ2TTQ9;
				INFOPLIST_FILE = BullsEyeUITests/Info.plist;
				LD_RUNPATH_SEARCH_PATHS = "$(inherited) @executable_path/Frameworks @loader_path/Frameworks";
				PRODUCT_BUNDLE_IDENTIFIER = StardHard.BullsEyeUITests;
				PRODUCT_NAME = "$(TARGET_NAME)";
				SWIFT_VERSION = 3.0;
				TEST_TARGET_NAME = BullsEye;
			};
			name = Release;
		};
/* End XCBuildConfiguration section */

/* Begin XCConfigurationList section */
		80AD1B891E36BEDF009286C0 /* Build configuration list for PBXProject "BullsEye" */ = {
			isa = XCConfigurationList;
			buildConfigurations = (
				80AD1BB41E36BEDF009286C0 /* Debug */,
				80AD1BB51E36BEDF009286C0 /* Release */,
			);
			defaultConfigurationIsVisible = 0;
			defaultConfigurationName = Release;
		};
		80AD1BB61E36BEDF009286C0 /* Build configuration list for PBXNativeTarget "BullsEye" */ = {
			isa = XCConfigurationList;
			buildConfigurations = (
				80AD1BB71E36BEDF009286C0 /* Debug */,
				80AD1BB81E36BEDF009286C0 /* Release */,
			);
			defaultConfigurationIsVisible = 0;
		};
		80AD1BB91E36BEDF009286C0 /* Build configuration list for PBXNativeTarget "BullsEyeTests" */ = {
			isa = XCConfigurationList;
			buildConfigurations = (
				80AD1BBA1E36BEDF009286C0 /* Debug */,
				80AD1BBB1E36BEDF009286C0 /* Release */,
			);
			defaultConfigurationIsVisible = 0;
		};
		80AD1BBC1E36BEDF009286C0 /* Build configuration list for PBXNativeTarget "BullsEyeUITests" */ = {
			isa = XCConfigurationList;
			buildConfigurations = (
				80AD1BBD1E36BEDF009286C0 /* Debug */,
				80AD1BBE1E36BEDF009286C0 /* Release */,
			);
			defaultConfigurationIsVisible = 0;
		};
/* End XCConfigurationList section */
	};
	rootObject = 80AD1B861E36BEDF009286C0 /* Project object */;
}
